// !$*UTF8*$!
{
	archiveVersion = 1;
	classes = {
	};
	objectVersion = 46;
	objects = {

/* Begin PBXBuildFile section */
		1171C2B51BA5679F00E0537F /* DanceMoveImpl.swift in Sources */ = {isa = PBXBuildFile; fileRef = 1171C2B41BA5679F00E0537F /* DanceMoveImpl.swift */; };
		1171C2B91BA56F5400E0537F /* DanceMove.swift in Sources */ = {isa = PBXBuildFile; fileRef = 1171C2B81BA56F5400E0537F /* DanceMove.swift */; };
		1171C2BB1BA5831900E0537F /* ScoreStrategy.swift in Sources */ = {isa = PBXBuildFile; fileRef = 1171C2BA1BA5831900E0537F /* ScoreStrategy.swift */; };
		1171C2BD1BA5852B00E0537F /* ScoreBonusPointStrategy.swift in Sources */ = {isa = PBXBuildFile; fileRef = 1171C2BC1BA5852B00E0537F /* ScoreBonusPointStrategy.swift */; };
		11E8AE331BA8455B00B190D6 /* Environment.swift in Sources */ = {isa = PBXBuildFile; fileRef = 11E8AE321BA8455B00B190D6 /* Environment.swift */; };
		11E8AE351BA8460E00B190D6 /* SensorDataListener.swift in Sources */ = {isa = PBXBuildFile; fileRef = 11E8AE341BA8460E00B190D6 /* SensorDataListener.swift */; };
		11E8AE371BA8468E00B190D6 /* SensorService.swift in Sources */ = {isa = PBXBuildFile; fileRef = 11E8AE361BA8468E00B190D6 /* SensorService.swift */; };
		11E8AE391BA851C800B190D6 /* SensorTagAdapterService.swift in Sources */ = {isa = PBXBuildFile; fileRef = 11E8AE381BA851C800B190D6 /* SensorTagAdapterService.swift */; };
		11E8AE3B1BA86D4000B190D6 /* RankingService.swift in Sources */ = {isa = PBXBuildFile; fileRef = 11E8AE3A1BA86D4000B190D6 /* RankingService.swift */; };
		11E8AE3F1BA9A56A00B190D6 /* SingleArmDanceMove.swift in Sources */ = {isa = PBXBuildFile; fileRef = 11E8AE3E1BA9A56A00B190D6 /* SingleArmDanceMove.swift */; };
		13745EFF1BA7D59E008F3042 /* Settings.bundle in Resources */ = {isa = PBXBuildFile; fileRef = 13745EFE1BA7D59E008F3042 /* Settings.bundle */; };
		26550EFF1B96F8BE0010D1D2 /* AppDelegate.swift in Sources */ = {isa = PBXBuildFile; fileRef = 26550EFE1B96F8BE0010D1D2 /* AppDelegate.swift */; };
		26550F041B96F8BE0010D1D2 /* ViewController.swift in Sources */ = {isa = PBXBuildFile; fileRef = 26550F031B96F8BE0010D1D2 /* ViewController.swift */; };
		26550F071B96F8BE0010D1D2 /* Main.storyboard in Resources */ = {isa = PBXBuildFile; fileRef = 26550F051B96F8BE0010D1D2 /* Main.storyboard */; };
		26550F091B96F8BE0010D1D2 /* Images.xcassets in Resources */ = {isa = PBXBuildFile; fileRef = 26550F081B96F8BE0010D1D2 /* Images.xcassets */; };
		26550F0C1B96F8BE0010D1D2 /* LaunchScreen.xib in Resources */ = {isa = PBXBuildFile; fileRef = 26550F0A1B96F8BE0010D1D2 /* LaunchScreen.xib */; };
		26550F181B96F8BE0010D1D2 /* IoTFeverGameTests.swift in Sources */ = {isa = PBXBuildFile; fileRef = 26550F171B96F8BE0010D1D2 /* IoTFeverGameTests.swift */; };
		267292881BAFBE7C00921F6C /* libMQTTKit.a in Frameworks */ = {isa = PBXBuildFile; fileRef = 267292831BAFBE6B00921F6C /* libMQTTKit.a */; };
		2672928E1BAFE0E700921F6C /* libmosquitto in Resources */ = {isa = PBXBuildFile; fileRef = 2672928C1BAFE0E700921F6C /* libmosquitto */; };
		2672928F1BAFE0E700921F6C /* MQTTKit in Resources */ = {isa = PBXBuildFile; fileRef = 2672928D1BAFE0E700921F6C /* MQTTKit */; };
		269E0ABB1BA03B5100AF2804 /* SensorTagService.swift in Sources */ = {isa = PBXBuildFile; fileRef = 269E0ABA1BA03B5100AF2804 /* SensorTagService.swift */; };
		26CD12171BA7EBBF00C5C4A6 /* GameEndViewController.swift in Sources */ = {isa = PBXBuildFile; fileRef = 26CD12161BA7EBBF00C5C4A6 /* GameEndViewController.swift */; };
		26CD12191BA8094400C5C4A6 /* ArmPosition.swift in Sources */ = {isa = PBXBuildFile; fileRef = 26CD12181BA8094400C5C4A6 /* ArmPosition.swift */; };
		26D77EBC1B9931EB0042F414 /* RankingTableViewController.swift in Sources */ = {isa = PBXBuildFile; fileRef = 26D77EBB1B9931EB0042F414 /* RankingTableViewController.swift */; };
		26D77EC11B9939210042F414 /* ScoreRanking.swift in Sources */ = {isa = PBXBuildFile; fileRef = 26D77EC01B9939210042F414 /* ScoreRanking.swift */; };
		26D77EC31B99394E0042F414 /* Level.swift in Sources */ = {isa = PBXBuildFile; fileRef = 26D77EC21B99394E0042F414 /* Level.swift */; };
		26D77EC51B9939680042F414 /* Player.swift in Sources */ = {isa = PBXBuildFile; fileRef = 26D77EC41B9939680042F414 /* Player.swift */; };
		26D77EC71B9939850042F414 /* MovingArmBodyPart.swift in Sources */ = {isa = PBXBuildFile; fileRef = 26D77EC61B9939850042F414 /* MovingArmBodyPart.swift */; };
		26D77EC91B99399D0042F414 /* IoTFeverGame.swift in Sources */ = {isa = PBXBuildFile; fileRef = 26D77EC81B99399D0042F414 /* IoTFeverGame.swift */; };
		26D77ED61B9947110042F414 /* DummySensorService.swift in Sources */ = {isa = PBXBuildFile; fileRef = 26D77ED51B9947110042F414 /* DummySensorService.swift */; };
		26D89F141B9D3ED400E77C3F /* Bosch.png in Resources */ = {isa = PBXBuildFile; fileRef = 26D89F0C1B9D3ED400E77C3F /* Bosch.png */; };
		26E0C07D1B9E7BE000769688 /* DataService.swift in Sources */ = {isa = PBXBuildFile; fileRef = 26E0C07C1B9E7BE000769688 /* DataService.swift */; };
		26E0C0881B9E82A200769688 /* SensorReader.swift in Sources */ = {isa = PBXBuildFile; fileRef = 26E0C0871B9E82A200769688 /* SensorReader.swift */; };
		26E9744D1B984C9D00E73157 /* Game.xcdatamodeld in Sources */ = {isa = PBXBuildFile; fileRef = 26E9744B1B984C9D00E73157 /* Game.xcdatamodeld */; };
		26EBAA2B1B981A3C0083CCCC /* IoTFeverGameViewController.swift in Sources */ = {isa = PBXBuildFile; fileRef = 26EBAA2A1B981A3C0083CCCC /* IoTFeverGameViewController.swift */; };
		3D0357D41BA6F4C800CA6D1D /* VisualizerView.swift in Sources */ = {isa = PBXBuildFile; fileRef = 3D0357D31BA6F4C800CA6D1D /* VisualizerView.swift */; };
		3D0357D61BA6FE4D00CA6D1D /* particleTexture.png in Resources */ = {isa = PBXBuildFile; fileRef = 3D0357D51BA6FE4D00CA6D1D /* particleTexture.png */; };
		3D0357D81BA7065D00CA6D1D /* tries.png in Resources */ = {isa = PBXBuildFile; fileRef = 3D0357D71BA7065D00CA6D1D /* tries.png */; };
		3D0357F61BA70EB300CA6D1D /* disco.mp3 in Resources */ = {isa = PBXBuildFile; fileRef = 3D0357F51BA70EB300CA6D1D /* disco.mp3 */; };
		3D6D3CA01BA7298C007AA2C8 /* disco-anim.gif in Resources */ = {isa = PBXBuildFile; fileRef = 3D6D3C9F1BA7298C007AA2C8 /* disco-anim.gif */; };
		3D6D3CA41BA72AAF007AA2C8 /* UIImage+animatedGIF.m in Sources */ = {isa = PBXBuildFile; fileRef = 3D6D3CA31BA72AAF007AA2C8 /* UIImage+animatedGIF.m */; };
		644B75361BAC00C100A971EE /* button-start.png in Resources */ = {isa = PBXBuildFile; fileRef = 644B75341BAC00C100A971EE /* button-start.png */; };
		644B75371BAC00C100A971EE /* button-stop.png in Resources */ = {isa = PBXBuildFile; fileRef = 644B75351BAC00C100A971EE /* button-stop.png */; };
		64A8C1F31BA9141500CB8023 /* Vorto.png in Resources */ = {isa = PBXBuildFile; fileRef = 64A8C1F21BA9141500CB8023 /* Vorto.png */; };
		64A8C1F61BA95A2700CB8023 /* TL_BR.png in Resources */ = {isa = PBXBuildFile; fileRef = 64A8C1F41BA95A2700CB8023 /* TL_BR.png */; };
		64A8C1F71BA95A2700CB8023 /* TL_TR.png in Resources */ = {isa = PBXBuildFile; fileRef = 64A8C1F51BA95A2700CB8023 /* TL_TR.png */; };
		64A8C1FA1BA95A3000CB8023 /* BL_BR.png in Resources */ = {isa = PBXBuildFile; fileRef = 64A8C1F81BA95A3000CB8023 /* BL_BR.png */; };
		64A8C1FB1BA95A3000CB8023 /* BL_TR.png in Resources */ = {isa = PBXBuildFile; fileRef = 64A8C1F91BA95A3000CB8023 /* BL_TR.png */; };
		64A8C2061BAA697500CB8023 /* BL.png in Resources */ = {isa = PBXBuildFile; fileRef = 64A8C2041BAA697500CB8023 /* BL.png */; };
		64A8C2071BAA697500CB8023 /* BR.png in Resources */ = {isa = PBXBuildFile; fileRef = 64A8C2051BAA697500CB8023 /* BR.png */; };
		64A8C20A1BAA698300CB8023 /* TL.png in Resources */ = {isa = PBXBuildFile; fileRef = 64A8C2081BAA698300CB8023 /* TL.png */; };
		64A8C20B1BAA698300CB8023 /* TR.png in Resources */ = {isa = PBXBuildFile; fileRef = 64A8C2091BAA698300CB8023 /* TR.png */; };
		64DB5D0B1BAAD99E00E2C6C3 /* UserService.swift in Sources */ = {isa = PBXBuildFile; fileRef = 64DB5D0A1BAAD99E00E2C6C3 /* UserService.swift */; };
		64DB5D0D1BAADCA500E2C6C3 /* UserServiceRest.swift in Sources */ = {isa = PBXBuildFile; fileRef = 64DB5D0C1BAADCA500E2C6C3 /* UserServiceRest.swift */; };
/* End PBXBuildFile section */

/* Begin PBXContainerItemProxy section */
		26550F121B96F8BE0010D1D2 /* PBXContainerItemProxy */ = {
			isa = PBXContainerItemProxy;
			containerPortal = 26550EF11B96F8BE0010D1D2 /* Project object */;
			proxyType = 1;
			remoteGlobalIDString = 26550EF81B96F8BE0010D1D2;
			remoteInfo = IoTFeverGame;
		};
		267292821BAFBE6B00921F6C /* PBXContainerItemProxy */ = {
			isa = PBXContainerItemProxy;
			containerPortal = 2672927D1BAFBE6B00921F6C /* MQTTKit.xcodeproj */;
			proxyType = 2;
			remoteGlobalIDString = 93EEBC981816CAB00055100D;
			remoteInfo = MQTTKit;
		};
		267292841BAFBE6B00921F6C /* PBXContainerItemProxy */ = {
			isa = PBXContainerItemProxy;
			containerPortal = 2672927D1BAFBE6B00921F6C /* MQTTKit.xcodeproj */;
			proxyType = 2;
			remoteGlobalIDString = 93EEBCA81816CAB00055100D;
			remoteInfo = MQTTKitTests;
		};
		267292861BAFBE7700921F6C /* PBXContainerItemProxy */ = {
			isa = PBXContainerItemProxy;
			containerPortal = 2672927D1BAFBE6B00921F6C /* MQTTKit.xcodeproj */;
			proxyType = 1;
			remoteGlobalIDString = 93EEBC971816CAB00055100D;
			remoteInfo = MQTTKit;
		};
/* End PBXContainerItemProxy section */

/* Begin PBXFileReference section */
		1171C2B41BA5679F00E0537F /* DanceMoveImpl.swift */ = {isa = PBXFileReference; fileEncoding = 4; lastKnownFileType = sourcecode.swift; path = DanceMoveImpl.swift; sourceTree = "<group>"; };
		1171C2B81BA56F5400E0537F /* DanceMove.swift */ = {isa = PBXFileReference; fileEncoding = 4; lastKnownFileType = sourcecode.swift; path = DanceMove.swift; sourceTree = "<group>"; };
		1171C2BA1BA5831900E0537F /* ScoreStrategy.swift */ = {isa = PBXFileReference; fileEncoding = 4; lastKnownFileType = sourcecode.swift; path = ScoreStrategy.swift; sourceTree = "<group>"; };
		1171C2BC1BA5852B00E0537F /* ScoreBonusPointStrategy.swift */ = {isa = PBXFileReference; fileEncoding = 4; lastKnownFileType = sourcecode.swift; path = ScoreBonusPointStrategy.swift; sourceTree = "<group>"; };
		11E8AE321BA8455B00B190D6 /* Environment.swift */ = {isa = PBXFileReference; fileEncoding = 4; lastKnownFileType = sourcecode.swift; path = Environment.swift; sourceTree = "<group>"; };
		11E8AE341BA8460E00B190D6 /* SensorDataListener.swift */ = {isa = PBXFileReference; fileEncoding = 4; lastKnownFileType = sourcecode.swift; path = SensorDataListener.swift; sourceTree = "<group>"; };
		11E8AE361BA8468E00B190D6 /* SensorService.swift */ = {isa = PBXFileReference; fileEncoding = 4; lastKnownFileType = sourcecode.swift; path = SensorService.swift; sourceTree = "<group>"; };
		11E8AE381BA851C800B190D6 /* SensorTagAdapterService.swift */ = {isa = PBXFileReference; fileEncoding = 4; lastKnownFileType = sourcecode.swift; path = SensorTagAdapterService.swift; sourceTree = "<group>"; };
		11E8AE3A1BA86D4000B190D6 /* RankingService.swift */ = {isa = PBXFileReference; fileEncoding = 4; lastKnownFileType = sourcecode.swift; path = RankingService.swift; sourceTree = "<group>"; };
		11E8AE3E1BA9A56A00B190D6 /* SingleArmDanceMove.swift */ = {isa = PBXFileReference; fileEncoding = 4; lastKnownFileType = sourcecode.swift; path = SingleArmDanceMove.swift; sourceTree = "<group>"; };
		13745EFE1BA7D59E008F3042 /* Settings.bundle */ = {isa = PBXFileReference; lastKnownFileType = "wrapper.plug-in"; path = Settings.bundle; sourceTree = "<group>"; };
		26550EF91B96F8BE0010D1D2 /* IoTFeverGame.app */ = {isa = PBXFileReference; explicitFileType = wrapper.application; includeInIndex = 0; path = IoTFeverGame.app; sourceTree = BUILT_PRODUCTS_DIR; };
		26550EFD1B96F8BE0010D1D2 /* Info.plist */ = {isa = PBXFileReference; lastKnownFileType = text.plist.xml; path = Info.plist; sourceTree = "<group>"; };
		26550EFE1B96F8BE0010D1D2 /* AppDelegate.swift */ = {isa = PBXFileReference; lastKnownFileType = sourcecode.swift; path = AppDelegate.swift; sourceTree = "<group>"; };
		26550F031B96F8BE0010D1D2 /* ViewController.swift */ = {isa = PBXFileReference; lastKnownFileType = sourcecode.swift; path = ViewController.swift; sourceTree = "<group>"; };
		26550F061B96F8BE0010D1D2 /* Base */ = {isa = PBXFileReference; lastKnownFileType = file.storyboard; name = Base; path = Base.lproj/Main.storyboard; sourceTree = "<group>"; };
		26550F081B96F8BE0010D1D2 /* Images.xcassets */ = {isa = PBXFileReference; lastKnownFileType = folder.assetcatalog; path = Images.xcassets; sourceTree = "<group>"; };
		26550F0B1B96F8BE0010D1D2 /* Base */ = {isa = PBXFileReference; lastKnownFileType = file.xib; name = Base; path = Base.lproj/LaunchScreen.xib; sourceTree = "<group>"; };
		26550F111B96F8BE0010D1D2 /* IoTFeverGameTests.xctest */ = {isa = PBXFileReference; explicitFileType = wrapper.cfbundle; includeInIndex = 0; path = IoTFeverGameTests.xctest; sourceTree = BUILT_PRODUCTS_DIR; };
		26550F161B96F8BE0010D1D2 /* Info.plist */ = {isa = PBXFileReference; lastKnownFileType = text.plist.xml; path = Info.plist; sourceTree = "<group>"; };
		26550F171B96F8BE0010D1D2 /* IoTFeverGameTests.swift */ = {isa = PBXFileReference; lastKnownFileType = sourcecode.swift; path = IoTFeverGameTests.swift; sourceTree = "<group>"; };
		2672927D1BAFBE6B00921F6C /* MQTTKit.xcodeproj */ = {isa = PBXFileReference; lastKnownFileType = "wrapper.pb-project"; name = MQTTKit.xcodeproj; path = ../MQTTKit/MQTTKit.xcodeproj; sourceTree = "<group>"; };
		2672928B1BAFDDF200921F6C /* MQTTKit.h */ = {isa = PBXFileReference; fileEncoding = 4; lastKnownFileType = sourcecode.c.h; path = MQTTKit.h; sourceTree = "<group>"; };
		2672928C1BAFE0E700921F6C /* libmosquitto */ = {isa = PBXFileReference; lastKnownFileType = folder; path = libmosquitto; sourceTree = "<group>"; };
		2672928D1BAFE0E700921F6C /* MQTTKit */ = {isa = PBXFileReference; lastKnownFileType = folder; path = MQTTKit; sourceTree = "<group>"; };
		269E0ABA1BA03B5100AF2804 /* SensorTagService.swift */ = {isa = PBXFileReference; fileEncoding = 4; lastKnownFileType = sourcecode.swift; path = SensorTagService.swift; sourceTree = "<group>"; };
		26CD12161BA7EBBF00C5C4A6 /* GameEndViewController.swift */ = {isa = PBXFileReference; fileEncoding = 4; lastKnownFileType = sourcecode.swift; path = GameEndViewController.swift; sourceTree = "<group>"; };
		26CD12181BA8094400C5C4A6 /* ArmPosition.swift */ = {isa = PBXFileReference; fileEncoding = 4; lastKnownFileType = sourcecode.swift; path = ArmPosition.swift; sourceTree = "<group>"; };
		26D77EBB1B9931EB0042F414 /* RankingTableViewController.swift */ = {isa = PBXFileReference; fileEncoding = 4; lastKnownFileType = sourcecode.swift; path = RankingTableViewController.swift; sourceTree = "<group>"; };
		26D77EC01B9939210042F414 /* ScoreRanking.swift */ = {isa = PBXFileReference; fileEncoding = 4; lastKnownFileType = sourcecode.swift; path = ScoreRanking.swift; sourceTree = "<group>"; };
		26D77EC21B99394E0042F414 /* Level.swift */ = {isa = PBXFileReference; fileEncoding = 4; lastKnownFileType = sourcecode.swift; path = Level.swift; sourceTree = "<group>"; };
		26D77EC41B9939680042F414 /* Player.swift */ = {isa = PBXFileReference; fileEncoding = 4; lastKnownFileType = sourcecode.swift; path = Player.swift; sourceTree = "<group>"; };
		26D77EC61B9939850042F414 /* MovingArmBodyPart.swift */ = {isa = PBXFileReference; fileEncoding = 4; lastKnownFileType = sourcecode.swift; path = MovingArmBodyPart.swift; sourceTree = "<group>"; };
		26D77EC81B99399D0042F414 /* IoTFeverGame.swift */ = {isa = PBXFileReference; fileEncoding = 4; lastKnownFileType = sourcecode.swift; path = IoTFeverGame.swift; sourceTree = "<group>"; };
		26D77ED51B9947110042F414 /* DummySensorService.swift */ = {isa = PBXFileReference; fileEncoding = 4; lastKnownFileType = sourcecode.swift; path = DummySensorService.swift; sourceTree = "<group>"; };
		26D89F0C1B9D3ED400E77C3F /* Bosch.png */ = {isa = PBXFileReference; lastKnownFileType = image.png; path = Bosch.png; sourceTree = "<group>"; };
		26D89F1A1B9D3EF600E77C3F /* Bosch.png */ = {isa = PBXFileReference; lastKnownFileType = image.png; path = Bosch.png; sourceTree = "<group>"; };
		26E0C07C1B9E7BE000769688 /* DataService.swift */ = {isa = PBXFileReference; fileEncoding = 4; lastKnownFileType = sourcecode.swift; path = DataService.swift; sourceTree = "<group>"; };
		26E0C0871B9E82A200769688 /* SensorReader.swift */ = {isa = PBXFileReference; fileEncoding = 4; lastKnownFileType = sourcecode.swift; path = SensorReader.swift; sourceTree = "<group>"; };
		26E9744C1B984C9D00E73157 /* Game.xcdatamodel */ = {isa = PBXFileReference; lastKnownFileType = wrapper.xcdatamodel; path = Game.xcdatamodel; sourceTree = "<group>"; };
		26EBAA2A1B981A3C0083CCCC /* IoTFeverGameViewController.swift */ = {isa = PBXFileReference; fileEncoding = 4; lastKnownFileType = sourcecode.swift; path = IoTFeverGameViewController.swift; sourceTree = "<group>"; };
		3D0357D31BA6F4C800CA6D1D /* VisualizerView.swift */ = {isa = PBXFileReference; fileEncoding = 4; lastKnownFileType = sourcecode.swift; path = VisualizerView.swift; sourceTree = "<group>"; };
		3D0357D51BA6FE4D00CA6D1D /* particleTexture.png */ = {isa = PBXFileReference; lastKnownFileType = image.png; path = particleTexture.png; sourceTree = "<group>"; };
		3D0357D71BA7065D00CA6D1D /* tries.png */ = {isa = PBXFileReference; lastKnownFileType = image.png; path = tries.png; sourceTree = "<group>"; };
		3D0357F51BA70EB300CA6D1D /* disco.mp3 */ = {isa = PBXFileReference; lastKnownFileType = audio.mp3; path = disco.mp3; sourceTree = "<group>"; };
		3D6D3C9F1BA7298C007AA2C8 /* disco-anim.gif */ = {isa = PBXFileReference; lastKnownFileType = image.gif; path = "disco-anim.gif"; sourceTree = "<group>"; };
		3D6D3CA21BA72A8C007AA2C8 /* UIImage+animatedGIF.h */ = {isa = PBXFileReference; lastKnownFileType = sourcecode.c.h; path = "UIImage+animatedGIF.h"; sourceTree = "<group>"; };
		3D6D3CA31BA72AAF007AA2C8 /* UIImage+animatedGIF.m */ = {isa = PBXFileReference; fileEncoding = 4; lastKnownFileType = sourcecode.c.objc; path = "UIImage+animatedGIF.m"; sourceTree = "<group>"; };
		3D6D3CAA1BA72B9C007AA2C8 /* IoTFeverGame-Bridging-Header.h */ = {isa = PBXFileReference; lastKnownFileType = sourcecode.c.h; path = "IoTFeverGame-Bridging-Header.h"; sourceTree = SOURCE_ROOT; };
		644B75341BAC00C100A971EE /* button-start.png */ = {isa = PBXFileReference; lastKnownFileType = image.png; path = "button-start.png"; sourceTree = "<group>"; };
		644B75351BAC00C100A971EE /* button-stop.png */ = {isa = PBXFileReference; lastKnownFileType = image.png; path = "button-stop.png"; sourceTree = "<group>"; };
		64A8C1F21BA9141500CB8023 /* Vorto.png */ = {isa = PBXFileReference; lastKnownFileType = image.png; path = Vorto.png; sourceTree = "<group>"; };
		64A8C1F41BA95A2700CB8023 /* TL_BR.png */ = {isa = PBXFileReference; lastKnownFileType = image.png; path = TL_BR.png; sourceTree = "<group>"; };
		64A8C1F51BA95A2700CB8023 /* TL_TR.png */ = {isa = PBXFileReference; lastKnownFileType = image.png; path = TL_TR.png; sourceTree = "<group>"; };
		64A8C1F81BA95A3000CB8023 /* BL_BR.png */ = {isa = PBXFileReference; lastKnownFileType = image.png; path = BL_BR.png; sourceTree = "<group>"; };
		64A8C1F91BA95A3000CB8023 /* BL_TR.png */ = {isa = PBXFileReference; lastKnownFileType = image.png; path = BL_TR.png; sourceTree = "<group>"; };
		64A8C2041BAA697500CB8023 /* BL.png */ = {isa = PBXFileReference; lastKnownFileType = image.png; path = BL.png; sourceTree = "<group>"; };
		64A8C2051BAA697500CB8023 /* BR.png */ = {isa = PBXFileReference; lastKnownFileType = image.png; path = BR.png; sourceTree = "<group>"; };
		64A8C2081BAA698300CB8023 /* TL.png */ = {isa = PBXFileReference; lastKnownFileType = image.png; path = TL.png; sourceTree = "<group>"; };
		64A8C2091BAA698300CB8023 /* TR.png */ = {isa = PBXFileReference; lastKnownFileType = image.png; path = TR.png; sourceTree = "<group>"; };
		64DB5D0A1BAAD99E00E2C6C3 /* UserService.swift */ = {isa = PBXFileReference; fileEncoding = 4; lastKnownFileType = sourcecode.swift; path = UserService.swift; sourceTree = "<group>"; };
		64DB5D0C1BAADCA500E2C6C3 /* UserServiceRest.swift */ = {isa = PBXFileReference; fileEncoding = 4; lastKnownFileType = sourcecode.swift; path = UserServiceRest.swift; sourceTree = "<group>"; };
/* End PBXFileReference section */

/* Begin PBXFrameworksBuildPhase section */
		26550EF61B96F8BE0010D1D2 /* Frameworks */ = {
			isa = PBXFrameworksBuildPhase;
			buildActionMask = 2147483647;
			files = (
				267292881BAFBE7C00921F6C /* libMQTTKit.a in Frameworks */,
			);
			runOnlyForDeploymentPostprocessing = 0;
		};
		26550F0E1B96F8BE0010D1D2 /* Frameworks */ = {
			isa = PBXFrameworksBuildPhase;
			buildActionMask = 2147483647;
			files = (
			);
			runOnlyForDeploymentPostprocessing = 0;
		};
/* End PBXFrameworksBuildPhase section */

/* Begin PBXGroup section */
		26550EF01B96F8BE0010D1D2 = {
			isa = PBXGroup;
			children = (
				13745EFE1BA7D59E008F3042 /* Settings.bundle */,
				26550EFB1B96F8BE0010D1D2 /* IoTFeverGame */,
				26550F141B96F8BE0010D1D2 /* IoTFeverGameTests */,
				26550EFA1B96F8BE0010D1D2 /* Products */,
				2672927D1BAFBE6B00921F6C /* MQTTKit.xcodeproj */,
			);
			sourceTree = "<group>";
		};
		26550EFA1B96F8BE0010D1D2 /* Products */ = {
			isa = PBXGroup;
			children = (
				26550EF91B96F8BE0010D1D2 /* IoTFeverGame.app */,
				26550F111B96F8BE0010D1D2 /* IoTFeverGameTests.xctest */,
			);
			name = Products;
			sourceTree = "<group>";
		};
		26550EFB1B96F8BE0010D1D2 /* IoTFeverGame */ = {
			isa = PBXGroup;
			children = (
				2672928C1BAFE0E700921F6C /* libmosquitto */,
				2672928D1BAFE0E700921F6C /* MQTTKit */,
				2672928B1BAFDDF200921F6C /* MQTTKit.h */,
				3D6D3CAA1BA72B9C007AA2C8 /* IoTFeverGame-Bridging-Header.h */,
				3D6D3CA11BA72A78007AA2C8 /* Mixins */,
				3D0357D21BA6F47100CA6D1D /* Views */,
				26D77ECA1B993D530042F414 /* Services */,
				26D77EBD1B9938EB0042F414 /* Model */,
				26EBAA251B97FABB0083CCCC /* Resource */,
				26D77ED71B99829F0042F414 /* Controller */,
				26550EFE1B96F8BE0010D1D2 /* AppDelegate.swift */,
				26E9744B1B984C9D00E73157 /* Game.xcdatamodeld */,
				26550F051B96F8BE0010D1D2 /* Main.storyboard */,
				26550F081B96F8BE0010D1D2 /* Images.xcassets */,
				26550F0A1B96F8BE0010D1D2 /* LaunchScreen.xib */,
				26550EFC1B96F8BE0010D1D2 /* Supporting Files */,
			);
			path = IoTFeverGame;
			sourceTree = "<group>";
		};
		26550EFC1B96F8BE0010D1D2 /* Supporting Files */ = {
			isa = PBXGroup;
			children = (
				26550EFD1B96F8BE0010D1D2 /* Info.plist */,
			);
			name = "Supporting Files";
			sourceTree = "<group>";
		};
		26550F141B96F8BE0010D1D2 /* IoTFeverGameTests */ = {
			isa = PBXGroup;
			children = (
				26550F171B96F8BE0010D1D2 /* IoTFeverGameTests.swift */,
				26550F151B96F8BE0010D1D2 /* Supporting Files */,
			);
			path = IoTFeverGameTests;
			sourceTree = "<group>";
		};
		26550F151B96F8BE0010D1D2 /* Supporting Files */ = {
			isa = PBXGroup;
			children = (
				26550F161B96F8BE0010D1D2 /* Info.plist */,
			);
			name = "Supporting Files";
			sourceTree = "<group>";
		};
		2672927E1BAFBE6B00921F6C /* Products */ = {
			isa = PBXGroup;
			children = (
				267292831BAFBE6B00921F6C /* libMQTTKit.a */,
				267292851BAFBE6B00921F6C /* MQTTKitTests.xctest */,
			);
			name = Products;
			sourceTree = "<group>";
		};
		26D77EBD1B9938EB0042F414 /* Model */ = {
			isa = PBXGroup;
			children = (
				26CD12181BA8094400C5C4A6 /* ArmPosition.swift */,
				26D77EC81B99399D0042F414 /* IoTFeverGame.swift */,
				26D77EC01B9939210042F414 /* ScoreRanking.swift */,
				26D77EC21B99394E0042F414 /* Level.swift */,
				26D77EC41B9939680042F414 /* Player.swift */,
				26D77EC61B9939850042F414 /* MovingArmBodyPart.swift */,
				1171C2B41BA5679F00E0537F /* DanceMoveImpl.swift */,
				1171C2B81BA56F5400E0537F /* DanceMove.swift */,
				1171C2BA1BA5831900E0537F /* ScoreStrategy.swift */,
				1171C2BC1BA5852B00E0537F /* ScoreBonusPointStrategy.swift */,
				11E8AE321BA8455B00B190D6 /* Environment.swift */,
				11E8AE3E1BA9A56A00B190D6 /* SingleArmDanceMove.swift */,
			);
			name = Model;
			sourceTree = "<group>";
		};
		26D77ECA1B993D530042F414 /* Services */ = {
			isa = PBXGroup;
			children = (
				26D77ED51B9947110042F414 /* DummySensorService.swift */,
				26E0C07C1B9E7BE000769688 /* DataService.swift */,
				26E0C0871B9E82A200769688 /* SensorReader.swift */,
				269E0ABA1BA03B5100AF2804 /* SensorTagService.swift */,
				11E8AE341BA8460E00B190D6 /* SensorDataListener.swift */,
				11E8AE361BA8468E00B190D6 /* SensorService.swift */,
				11E8AE381BA851C800B190D6 /* SensorTagAdapterService.swift */,
				11E8AE3A1BA86D4000B190D6 /* RankingService.swift */,
				64DB5D0A1BAAD99E00E2C6C3 /* UserService.swift */,
				64DB5D0C1BAADCA500E2C6C3 /* UserServiceRest.swift */,
			);
			name = Services;
			sourceTree = "<group>";
		};
		26D77ED71B99829F0042F414 /* Controller */ = {
			isa = PBXGroup;
			children = (
				26550F031B96F8BE0010D1D2 /* ViewController.swift */,
				26EBAA2A1B981A3C0083CCCC /* IoTFeverGameViewController.swift */,
				26D77EBB1B9931EB0042F414 /* RankingTableViewController.swift */,
				26CD12161BA7EBBF00C5C4A6 /* GameEndViewController.swift */,
			);
			name = Controller;
			sourceTree = "<group>";
		};
		26EBAA251B97FABB0083CCCC /* Resource */ = {
			isa = PBXGroup;
			children = (
				644B75341BAC00C100A971EE /* button-start.png */,
				644B75351BAC00C100A971EE /* button-stop.png */,
				64A8C2081BAA698300CB8023 /* TL.png */,
				64A8C2091BAA698300CB8023 /* TR.png */,
				64A8C2041BAA697500CB8023 /* BL.png */,
				64A8C2051BAA697500CB8023 /* BR.png */,
				64A8C1F81BA95A3000CB8023 /* BL_BR.png */,
				64A8C1F91BA95A3000CB8023 /* BL_TR.png */,
				64A8C1F41BA95A2700CB8023 /* TL_BR.png */,
				64A8C1F51BA95A2700CB8023 /* TL_TR.png */,
				64A8C1F21BA9141500CB8023 /* Vorto.png */,
				3D6D3C9F1BA7298C007AA2C8 /* disco-anim.gif */,
				3D0357F51BA70EB300CA6D1D /* disco.mp3 */,
				3D0357D71BA7065D00CA6D1D /* tries.png */,
				3D0357D51BA6FE4D00CA6D1D /* particleTexture.png */,
				26D89F0C1B9D3ED400E77C3F /* Bosch.png */,
				26D89F1A1B9D3EF600E77C3F /* Bosch.png */,
			);
			name = Resource;
			sourceTree = "<group>";
		};
		3D0357D21BA6F47100CA6D1D /* Views */ = {
			isa = PBXGroup;
			children = (
				3D0357D31BA6F4C800CA6D1D /* VisualizerView.swift */,
			);
			name = Views;
			sourceTree = "<group>";
		};
		3D6D3CA11BA72A78007AA2C8 /* Mixins */ = {
			isa = PBXGroup;
			children = (
				3D6D3CA21BA72A8C007AA2C8 /* UIImage+animatedGIF.h */,
				3D6D3CA31BA72AAF007AA2C8 /* UIImage+animatedGIF.m */,
			);
			name = Mixins;
			sourceTree = "<group>";
		};
/* End PBXGroup section */

/* Begin PBXNativeTarget section */
		26550EF81B96F8BE0010D1D2 /* IoTFeverGame */ = {
			isa = PBXNativeTarget;
			buildConfigurationList = 26550F1B1B96F8BE0010D1D2 /* Build configuration list for PBXNativeTarget "IoTFeverGame" */;
			buildPhases = (
				26550EF51B96F8BE0010D1D2 /* Sources */,
				26550EF61B96F8BE0010D1D2 /* Frameworks */,
				26550EF71B96F8BE0010D1D2 /* Resources */,
			);
			buildRules = (
			);
			dependencies = (
				267292871BAFBE7700921F6C /* PBXTargetDependency */,
			);
			name = IoTFeverGame;
			productName = IoTFeverGame;
			productReference = 26550EF91B96F8BE0010D1D2 /* IoTFeverGame.app */;
			productType = "com.apple.product-type.application";
		};
		26550F101B96F8BE0010D1D2 /* IoTFeverGameTests */ = {
			isa = PBXNativeTarget;
			buildConfigurationList = 26550F1E1B96F8BE0010D1D2 /* Build configuration list for PBXNativeTarget "IoTFeverGameTests" */;
			buildPhases = (
				26550F0D1B96F8BE0010D1D2 /* Sources */,
				26550F0E1B96F8BE0010D1D2 /* Frameworks */,
				26550F0F1B96F8BE0010D1D2 /* Resources */,
			);
			buildRules = (
			);
			dependencies = (
				26550F131B96F8BE0010D1D2 /* PBXTargetDependency */,
			);
			name = IoTFeverGameTests;
			productName = IoTFeverGameTests;
			productReference = 26550F111B96F8BE0010D1D2 /* IoTFeverGameTests.xctest */;
			productType = "com.apple.product-type.bundle.unit-test";
		};
/* End PBXNativeTarget section */

/* Begin PBXProject section */
		26550EF11B96F8BE0010D1D2 /* Project object */ = {
			isa = PBXProject;
			attributes = {
				LastUpgradeCheck = 0640;
				ORGANIZATIONNAME = "Foitzik Andreas";
				TargetAttributes = {
					26550EF81B96F8BE0010D1D2 = {
						CreatedOnToolsVersion = 6.1.1;
						DevelopmentTeam = A2LURYLZ3Q;
					};
					26550F101B96F8BE0010D1D2 = {
						CreatedOnToolsVersion = 6.1.1;
						TestTargetID = 26550EF81B96F8BE0010D1D2;
					};
				};
			};
			buildConfigurationList = 26550EF41B96F8BE0010D1D2 /* Build configuration list for PBXProject "IoTFeverGame" */;
			compatibilityVersion = "Xcode 3.2";
			developmentRegion = English;
			hasScannedForEncodings = 0;
			knownRegions = (
				en,
				Base,
			);
			mainGroup = 26550EF01B96F8BE0010D1D2;
			productRefGroup = 26550EFA1B96F8BE0010D1D2 /* Products */;
			projectDirPath = "";
			projectReferences = (
				{
					ProductGroup = 2672927E1BAFBE6B00921F6C /* Products */;
					ProjectRef = 2672927D1BAFBE6B00921F6C /* MQTTKit.xcodeproj */;
				},
			);
			projectRoot = "";
			targets = (
				26550EF81B96F8BE0010D1D2 /* IoTFeverGame */,
				26550F101B96F8BE0010D1D2 /* IoTFeverGameTests */,
			);
		};
/* End PBXProject section */

/* Begin PBXReferenceProxy section */
		267292831BAFBE6B00921F6C /* libMQTTKit.a */ = {
			isa = PBXReferenceProxy;
			fileType = archive.ar;
			path = libMQTTKit.a;
			remoteRef = 267292821BAFBE6B00921F6C /* PBXContainerItemProxy */;
			sourceTree = BUILT_PRODUCTS_DIR;
		};
		267292851BAFBE6B00921F6C /* MQTTKitTests.xctest */ = {
			isa = PBXReferenceProxy;
			fileType = wrapper.cfbundle;
			path = MQTTKitTests.xctest;
			remoteRef = 267292841BAFBE6B00921F6C /* PBXContainerItemProxy */;
			sourceTree = BUILT_PRODUCTS_DIR;
		};
/* End PBXReferenceProxy section */

/* Begin PBXResourcesBuildPhase section */
		26550EF71B96F8BE0010D1D2 /* Resources */ = {
			isa = PBXResourcesBuildPhase;
			buildActionMask = 2147483647;
			files = (
				13745EFF1BA7D59E008F3042 /* Settings.bundle in Resources */,
				64A8C2061BAA697500CB8023 /* BL.png in Resources */,
				26550F071B96F8BE0010D1D2 /* Main.storyboard in Resources */,
				64A8C2071BAA697500CB8023 /* BR.png in Resources */,
				2672928E1BAFE0E700921F6C /* libmosquitto in Resources */,
				3D0357D81BA7065D00CA6D1D /* tries.png in Resources */,
				26550F0C1B96F8BE0010D1D2 /* LaunchScreen.xib in Resources */,
				64A8C1F31BA9141500CB8023 /* Vorto.png in Resources */,
				64A8C20B1BAA698300CB8023 /* TR.png in Resources */,
				64A8C1F71BA95A2700CB8023 /* TL_TR.png in Resources */,
				644B75371BAC00C100A971EE /* button-stop.png in Resources */,
				3D6D3CA01BA7298C007AA2C8 /* disco-anim.gif in Resources */,
				3D0357F61BA70EB300CA6D1D /* disco.mp3 in Resources */,
				64A8C1F61BA95A2700CB8023 /* TL_BR.png in Resources */,
				3D0357D61BA6FE4D00CA6D1D /* particleTexture.png in Resources */,
				64A8C20A1BAA698300CB8023 /* TL.png in Resources */,
				64A8C1FA1BA95A3000CB8023 /* BL_BR.png in Resources */,
				26D89F141B9D3ED400E77C3F /* Bosch.png in Resources */,
				644B75361BAC00C100A971EE /* button-start.png in Resources */,
				2672928F1BAFE0E700921F6C /* MQTTKit in Resources */,
				64A8C1FB1BA95A3000CB8023 /* BL_TR.png in Resources */,
				26550F091B96F8BE0010D1D2 /* Images.xcassets in Resources */,
			);
			runOnlyForDeploymentPostprocessing = 0;
		};
		26550F0F1B96F8BE0010D1D2 /* Resources */ = {
			isa = PBXResourcesBuildPhase;
			buildActionMask = 2147483647;
			files = (
			);
			runOnlyForDeploymentPostprocessing = 0;
		};
/* End PBXResourcesBuildPhase section */

/* Begin PBXSourcesBuildPhase section */
		26550EF51B96F8BE0010D1D2 /* Sources */ = {
			isa = PBXSourcesBuildPhase;
			buildActionMask = 2147483647;
			files = (
				1171C2B91BA56F5400E0537F /* DanceMove.swift in Sources */,
				11E8AE371BA8468E00B190D6 /* SensorService.swift in Sources */,
				11E8AE3B1BA86D4000B190D6 /* RankingService.swift in Sources */,
				11E8AE331BA8455B00B190D6 /* Environment.swift in Sources */,
				26CD12171BA7EBBF00C5C4A6 /* GameEndViewController.swift in Sources */,
				11E8AE351BA8460E00B190D6 /* SensorDataListener.swift in Sources */,
				26D77EC71B9939850042F414 /* MovingArmBodyPart.swift in Sources */,
				26550F041B96F8BE0010D1D2 /* ViewController.swift in Sources */,
				11E8AE3F1BA9A56A00B190D6 /* SingleArmDanceMove.swift in Sources */,
				1171C2BD1BA5852B00E0537F /* ScoreBonusPointStrategy.swift in Sources */,
				26D77ED61B9947110042F414 /* DummySensorService.swift in Sources */,
				26E0C07D1B9E7BE000769688 /* DataService.swift in Sources */,
				26550EFF1B96F8BE0010D1D2 /* AppDelegate.swift in Sources */,
				26EBAA2B1B981A3C0083CCCC /* IoTFeverGameViewController.swift in Sources */,
				26D77EBC1B9931EB0042F414 /* RankingTableViewController.swift in Sources */,
				1171C2BB1BA5831900E0537F /* ScoreStrategy.swift in Sources */,
				64DB5D0B1BAAD99E00E2C6C3 /* UserService.swift in Sources */,
				3D0357D41BA6F4C800CA6D1D /* VisualizerView.swift in Sources */,
				26CD12191BA8094400C5C4A6 /* ArmPosition.swift in Sources */,
				26E0C0881B9E82A200769688 /* SensorReader.swift in Sources */,
				3D6D3CA41BA72AAF007AA2C8 /* UIImage+animatedGIF.m in Sources */,
				1171C2B51BA5679F00E0537F /* DanceMoveImpl.swift in Sources */,
				64DB5D0D1BAADCA500E2C6C3 /* UserServiceRest.swift in Sources */,
				26D77EC91B99399D0042F414 /* IoTFeverGame.swift in Sources */,
				269E0ABB1BA03B5100AF2804 /* SensorTagService.swift in Sources */,
				26E9744D1B984C9D00E73157 /* Game.xcdatamodeld in Sources */,
				26D77EC31B99394E0042F414 /* Level.swift in Sources */,
				11E8AE391BA851C800B190D6 /* SensorTagAdapterService.swift in Sources */,
				26D77EC51B9939680042F414 /* Player.swift in Sources */,
				26D77EC11B9939210042F414 /* ScoreRanking.swift in Sources */,
			);
			runOnlyForDeploymentPostprocessing = 0;
		};
		26550F0D1B96F8BE0010D1D2 /* Sources */ = {
			isa = PBXSourcesBuildPhase;
			buildActionMask = 2147483647;
			files = (
				26550F181B96F8BE0010D1D2 /* IoTFeverGameTests.swift in Sources */,
			);
			runOnlyForDeploymentPostprocessing = 0;
		};
/* End PBXSourcesBuildPhase section */

/* Begin PBXTargetDependency section */
		26550F131B96F8BE0010D1D2 /* PBXTargetDependency */ = {
			isa = PBXTargetDependency;
			target = 26550EF81B96F8BE0010D1D2 /* IoTFeverGame */;
			targetProxy = 26550F121B96F8BE0010D1D2 /* PBXContainerItemProxy */;
		};
		267292871BAFBE7700921F6C /* PBXTargetDependency */ = {
			isa = PBXTargetDependency;
			name = MQTTKit;
			targetProxy = 267292861BAFBE7700921F6C /* PBXContainerItemProxy */;
		};
/* End PBXTargetDependency section */

/* Begin PBXVariantGroup section */
		26550F051B96F8BE0010D1D2 /* Main.storyboard */ = {
			isa = PBXVariantGroup;
			children = (
				26550F061B96F8BE0010D1D2 /* Base */,
			);
			name = Main.storyboard;
			sourceTree = "<group>";
		};
		26550F0A1B96F8BE0010D1D2 /* LaunchScreen.xib */ = {
			isa = PBXVariantGroup;
			children = (
				26550F0B1B96F8BE0010D1D2 /* Base */,
			);
			name = LaunchScreen.xib;
			sourceTree = "<group>";
		};
/* End PBXVariantGroup section */

/* Begin XCBuildConfiguration section */
		26550F191B96F8BE0010D1D2 /* Debug */ = {
			isa = XCBuildConfiguration;
			buildSettings = {
				ALWAYS_SEARCH_USER_PATHS = NO;
				CLANG_CXX_LANGUAGE_STANDARD = "gnu++0x";
				CLANG_CXX_LIBRARY = "libc++";
				CLANG_ENABLE_MODULES = YES;
				CLANG_ENABLE_OBJC_ARC = YES;
				CLANG_WARN_BOOL_CONVERSION = YES;
				CLANG_WARN_CONSTANT_CONVERSION = YES;
				CLANG_WARN_DIRECT_OBJC_ISA_USAGE = YES_ERROR;
				CLANG_WARN_EMPTY_BODY = YES;
				CLANG_WARN_ENUM_CONVERSION = YES;
				CLANG_WARN_INT_CONVERSION = YES;
				CLANG_WARN_OBJC_ROOT_CLASS = YES_ERROR;
				CLANG_WARN_UNREACHABLE_CODE = YES;
				CLANG_WARN__DUPLICATE_METHOD_MATCH = YES;
				"CODE_SIGN_IDENTITY[sdk=iphoneos*]" = "iPhone Developer";
				COPY_PHASE_STRIP = NO;
				ENABLE_STRICT_OBJC_MSGSEND = YES;
				GCC_C_LANGUAGE_STANDARD = gnu99;
				GCC_DYNAMIC_NO_PIC = NO;
				GCC_OPTIMIZATION_LEVEL = 0;
				GCC_PREPROCESSOR_DEFINITIONS = (
					"DEBUG=1",
					"$(inherited)",
				);
				GCC_SYMBOLS_PRIVATE_EXTERN = NO;
				GCC_WARN_64_TO_32_BIT_CONVERSION = YES;
				GCC_WARN_ABOUT_RETURN_TYPE = YES_ERROR;
				GCC_WARN_UNDECLARED_SELECTOR = YES;
				GCC_WARN_UNINITIALIZED_AUTOS = YES_AGGRESSIVE;
				GCC_WARN_UNUSED_FUNCTION = YES;
				GCC_WARN_UNUSED_VARIABLE = YES;
				IPHONEOS_DEPLOYMENT_TARGET = 8.1;
				MTL_ENABLE_DEBUG_INFO = YES;
				ONLY_ACTIVE_ARCH = YES;
				SDKROOT = iphoneos;
				SWIFT_OPTIMIZATION_LEVEL = "-Onone";
				TARGETED_DEVICE_FAMILY = "1,2";
			};
			name = Debug;
		};
		26550F1A1B96F8BE0010D1D2 /* Release */ = {
			isa = XCBuildConfiguration;
			buildSettings = {
				ALWAYS_SEARCH_USER_PATHS = NO;
				CLANG_CXX_LANGUAGE_STANDARD = "gnu++0x";
				CLANG_CXX_LIBRARY = "libc++";
				CLANG_ENABLE_MODULES = YES;
				CLANG_ENABLE_OBJC_ARC = YES;
				CLANG_WARN_BOOL_CONVERSION = YES;
				CLANG_WARN_CONSTANT_CONVERSION = YES;
				CLANG_WARN_DIRECT_OBJC_ISA_USAGE = YES_ERROR;
				CLANG_WARN_EMPTY_BODY = YES;
				CLANG_WARN_ENUM_CONVERSION = YES;
				CLANG_WARN_INT_CONVERSION = YES;
				CLANG_WARN_OBJC_ROOT_CLASS = YES_ERROR;
				CLANG_WARN_UNREACHABLE_CODE = YES;
				CLANG_WARN__DUPLICATE_METHOD_MATCH = YES;
				"CODE_SIGN_IDENTITY[sdk=iphoneos*]" = "iPhone Developer";
				COPY_PHASE_STRIP = YES;
				ENABLE_NS_ASSERTIONS = NO;
				ENABLE_STRICT_OBJC_MSGSEND = YES;
				GCC_C_LANGUAGE_STANDARD = gnu99;
				GCC_WARN_64_TO_32_BIT_CONVERSION = YES;
				GCC_WARN_ABOUT_RETURN_TYPE = YES_ERROR;
				GCC_WARN_UNDECLARED_SELECTOR = YES;
				GCC_WARN_UNINITIALIZED_AUTOS = YES_AGGRESSIVE;
				GCC_WARN_UNUSED_FUNCTION = YES;
				GCC_WARN_UNUSED_VARIABLE = YES;
				IPHONEOS_DEPLOYMENT_TARGET = 8.1;
				MTL_ENABLE_DEBUG_INFO = NO;
				SDKROOT = iphoneos;
				TARGETED_DEVICE_FAMILY = "1,2";
				VALIDATE_PRODUCT = YES;
			};
			name = Release;
		};
		26550F1C1B96F8BE0010D1D2 /* Debug */ = {
			isa = XCBuildConfiguration;
			buildSettings = {
				ASSETCATALOG_COMPILER_APPICON_NAME = AppIcon;
				CLANG_ENABLE_MODULES = YES;
				CODE_SIGN_IDENTITY = "iPhone Developer";
				INFOPLIST_FILE = IoTFeverGame/Info.plist;
				IPHONEOS_DEPLOYMENT_TARGET = 8.4;
				LD_RUNPATH_SEARCH_PATHS = "$(inherited) @executable_path/Frameworks";
				PRODUCT_NAME = "$(TARGET_NAME)";
				SWIFT_OBJC_BRIDGING_HEADER = "IoTFeverGame-Bridging-Header.h";
				SWIFT_OPTIMIZATION_LEVEL = "-Onone";
			};
			name = Debug;
		};
		26550F1D1B96F8BE0010D1D2 /* Release */ = {
			isa = XCBuildConfiguration;
			buildSettings = {
				ASSETCATALOG_COMPILER_APPICON_NAME = AppIcon;
				CLANG_ENABLE_MODULES = YES;
				CODE_SIGN_IDENTITY = "iPhone Developer";
				INFOPLIST_FILE = IoTFeverGame/Info.plist;
				IPHONEOS_DEPLOYMENT_TARGET = 8.4;
				LD_RUNPATH_SEARCH_PATHS = "$(inherited) @executable_path/Frameworks";
				PRODUCT_NAME = "$(TARGET_NAME)";
				SWIFT_OBJC_BRIDGING_HEADER = "IoTFeverGame-Bridging-Header.h";
			};
			name = Release;
		};
		26550F1F1B96F8BE0010D1D2 /* Debug */ = {
			isa = XCBuildConfiguration;
			buildSettings = {
				BUNDLE_LOADER = "$(TEST_HOST)";
				FRAMEWORK_SEARCH_PATHS = (
					"$(SDKROOT)/Developer/Library/Frameworks",
					"$(inherited)",
				);
				GCC_PREPROCESSOR_DEFINITIONS = (
					"DEBUG=1",
					"$(inherited)",
				);
				INFOPLIST_FILE = IoTFeverGameTests/Info.plist;
				IPHONEOS_DEPLOYMENT_TARGET = 8.0;
				LD_RUNPATH_SEARCH_PATHS = "$(inherited) @executable_path/Frameworks @loader_path/Frameworks";
				PRODUCT_NAME = "$(TARGET_NAME)";
				TEST_HOST = "$(BUILT_PRODUCTS_DIR)/IoTFeverGame.app/IoTFeverGame";
			};
			name = Debug;
		};
		26550F201B96F8BE0010D1D2 /* Release */ = {
			isa = XCBuildConfiguration;
			buildSettings = {
				BUNDLE_LOADER = "$(TEST_HOST)";
				FRAMEWORK_SEARCH_PATHS = (
					"$(SDKROOT)/Developer/Library/Frameworks",
					"$(inherited)",
				);
				INFOPLIST_FILE = IoTFeverGameTests/Info.plist;
				IPHONEOS_DEPLOYMENT_TARGET = 8.0;
				LD_RUNPATH_SEARCH_PATHS = "$(inherited) @executable_path/Frameworks @loader_path/Frameworks";
				PRODUCT_NAME = "$(TARGET_NAME)";
				TEST_HOST = "$(BUILT_PRODUCTS_DIR)/IoTFeverGame.app/IoTFeverGame";
			};
			name = Release;
		};
/* End XCBuildConfiguration section */

/* Begin XCConfigurationList section */
		26550EF41B96F8BE0010D1D2 /* Build configuration list for PBXProject "IoTFeverGame" */ = {
			isa = XCConfigurationList;
			buildConfigurations = (
				26550F191B96F8BE0010D1D2 /* Debug */,
				26550F1A1B96F8BE0010D1D2 /* Release */,
			);
			defaultConfigurationIsVisible = 0;
			defaultConfigurationName = Release;
		};
		26550F1B1B96F8BE0010D1D2 /* Build configuration list for PBXNativeTarget "IoTFeverGame" */ = {
			isa = XCConfigurationList;
			buildConfigurations = (
				26550F1C1B96F8BE0010D1D2 /* Debug */,
				26550F1D1B96F8BE0010D1D2 /* Release */,
			);
			defaultConfigurationIsVisible = 0;
			defaultConfigurationName = Release;
		};
		26550F1E1B96F8BE0010D1D2 /* Build configuration list for PBXNativeTarget "IoTFeverGameTests" */ = {
			isa = XCConfigurationList;
			buildConfigurations = (
				26550F1F1B96F8BE0010D1D2 /* Debug */,
				26550F201B96F8BE0010D1D2 /* Release */,
			);
			defaultConfigurationIsVisible = 0;
			defaultConfigurationName = Release;
		};
/* End XCConfigurationList section */

/* Begin XCVersionGroup section */
		26E9744B1B984C9D00E73157 /* Game.xcdatamodeld */ = {
			isa = XCVersionGroup;
			children = (
				26E9744C1B984C9D00E73157 /* Game.xcdatamodel */,
			);
			currentVersion = 26E9744C1B984C9D00E73157 /* Game.xcdatamodel */;
			path = Game.xcdatamodeld;
			sourceTree = "<group>";
			versionGroupType = wrapper.xcdatamodel;
		};
/* End XCVersionGroup section */
	};
	rootObject = 26550EF11B96F8BE0010D1D2 /* Project object */;
}
